# THIS IS AN AUTOGENERATED FILE. DO NOT EDIT THIS FILE DIRECTLY.
# yarn lockfile v1


JSONSelect@0.2.1:
  version "0.2.1"
  resolved "https://registry.yarnpkg.com/JSONSelect/-/JSONSelect-0.2.1.tgz#415418a526d33fe31d74b4defa3c836d485ec203"
  integrity sha1-QVQYpSbTP+MddLTe+jyDbUhewgM=

ansi-styles@^3.2.1:
  version "3.2.1"
  resolved "https://registry.yarnpkg.com/ansi-styles/-/ansi-styles-3.2.1.tgz#41fbb20243e50b12be0f04b8dedbf07520ce841d"
  integrity sha512-VT0ZI6kZRdTh8YyJw3SMbYm/u+NqfsAxEpWO0Pf9sq8/e94WxxOpPKx9FR1FlyCtOVDNOQ+8ntlqFxiRc+r5qA==
  dependencies:
    color-convert "^1.9.0"

archiver@^0.11.0:
  version "0.11.0"
  resolved "https://registry.yarnpkg.com/archiver/-/archiver-0.11.0.tgz#98177da7a6c0192b7f2798f30cd6eab8abd76690"
  integrity sha1-mBd9p6bAGSt/J5jzDNbquKvXZpA=
  dependencies:
    async "~0.9.0"
    buffer-crc32 "~0.2.1"
    glob "~3.2.6"
    lazystream "~0.1.0"
    lodash "~2.4.1"
    readable-stream "~1.0.26"
    tar-stream "~0.4.0"
    zip-stream "~0.4.0"

async@~0.9.0:
  version "0.9.2"
  resolved "https://registry.yarnpkg.com/async/-/async-0.9.2.tgz#aea74d5e61c1f899613bf64bda66d4c78f2fd17d"
  integrity sha1-rqdNXmHB+JlhO/ZL2mbUx48v0X0=

"b2g-cli-tool@https://github.com/fabricedesre/b2gclitool.git":
  version "0.1.0"
  resolved "https://github.com/fabricedesre/b2gclitool.git#8d95b2d27153046217fcbe6279d95433eb5263ef"
  dependencies:
    node-firefox-connect "1.2.0"
    node-firefox-install-app "git+https://github.com/fabricedesre/node-firefox-install-app.git"

bl@^0.9.0:
  version "0.9.5"
  resolved "https://registry.yarnpkg.com/bl/-/bl-0.9.5.tgz#c06b797af085ea00bc527afc8efcf11de2232054"
  integrity sha1-wGt5evCF6gC8Unr8jvzxHeIjIFQ=
  dependencies:
    readable-stream "~1.0.26"

buffer-crc32@~0.2.1:
  version "0.2.13"
  resolved "https://registry.yarnpkg.com/buffer-crc32/-/buffer-crc32-0.2.13.tgz#0d333e3f00eac50aa1454abd30ef8c2a5d9a7242"
  integrity sha1-DTM+PwDqxQqhRUq9MO+MKl2ackI=

chalk@2.4.1:
  version "2.4.1"
  resolved "https://registry.yarnpkg.com/chalk/-/chalk-2.4.1.tgz#18c49ab16a037b6eb0152cc83e3471338215b66e"
  integrity sha512-ObN6h1v2fTJSmUXoS3nMQ92LbDK9be4TV+6G+omQlGJFdcUX5heKi1LZ1YnRMIgwTLEj3E24bT6tYni50rlCfQ==
  dependencies:
    ansi-styles "^3.2.1"
    escape-string-regexp "^1.0.5"
    supports-color "^5.3.0"

color-convert@^1.9.0:
  version "1.9.3"
  resolved "https://registry.yarnpkg.com/color-convert/-/color-convert-1.9.3.tgz#bb71850690e1f136567de629d2d5471deda4c1e8"
  integrity sha512-QfAUtd+vFdAtFQcC8CCyYt1fYWxSqAiK2cSD6zDB8N3cpsEBAvRxp9zOGg6G/SHHJYAT88/az/IuDGALsNVbGg==
  dependencies:
    color-name "1.1.3"

color-name@1.1.3:
  version "1.1.3"
  resolved "https://registry.yarnpkg.com/color-name/-/color-name-1.1.3.tgz#a7d0558bd89c42f795dd42328f740831ca53bc25"
  integrity sha1-p9BVi9icQveV3UIyj3QIMcpTvCU=

colors@0.5.x:
  version "0.5.1"
  resolved "https://registry.yarnpkg.com/colors/-/colors-0.5.1.tgz#7d0023eaeb154e8ee9fce75dcb923d0ed1667774"
  integrity sha1-fQAj6usVTo7p/Oddy5I9DtFmd3Q=

commander@^3.0.0:
  version "3.0.0"
  resolved "https://registry.yarnpkg.com/commander/-/commander-3.0.0.tgz#0641ea00838c7a964627f04cddc336a2deddd60a"
  integrity sha512-pl3QrGOBa9RZaslQiqnnKX2J068wcQw7j9AIaBQ9/JEp5RY6je4jKTImg0Bd+rpoONSe7GUFSgkxLeo17m3Pow==

compress-commons@~0.1.0:
  version "0.1.6"
  resolved "https://registry.yarnpkg.com/compress-commons/-/compress-commons-0.1.6.tgz#0c740870fde58cba516f0ac0c822e33a0b85dfa3"
  integrity sha1-DHQIcP3ljLpRbwrAyCLjOguF36M=
  dependencies:
    buffer-crc32 "~0.2.1"
    crc32-stream "~0.3.1"
    readable-stream "~1.0.26"

core-util-is@~1.0.0:
  version "1.0.2"
  resolved "https://registry.yarnpkg.com/core-util-is/-/core-util-is-1.0.2.tgz#b5fd54220aa2bc5ab57aab7140c940754503c1a7"
  integrity sha1-tf1UIgqivFq1eqtxQMlAdUUDwac=

crc32-stream@~0.3.1:
  version "0.3.4"
  resolved "https://registry.yarnpkg.com/crc32-stream/-/crc32-stream-0.3.4.tgz#73bc25b45fac1db6632231a7bfce8927e9f06552"
  integrity sha1-c7wltF+sHbZjIjGnv86JJ+nwZVI=
  dependencies:
    buffer-crc32 "~0.2.1"
    readable-stream "~1.0.24"

end-of-stream@^1.0.0:
  version "1.4.1"
  resolved "https://registry.yarnpkg.com/end-of-stream/-/end-of-stream-1.4.1.tgz#ed29634d19baba463b6ce6b80a37213eab71ec43"
  integrity sha512-1MkrZNvWTKCaigbn+W15elq2BB/L22nqrSY5DKlo3X6+vclJm8Bb5djXJBmEX6fS3+zCh/F4VBK5Z2KxJt4s2Q==
  dependencies:
    once "^1.4.0"

es6-promise@^2.0.1:
  version "2.3.0"
  resolved "https://registry.yarnpkg.com/es6-promise/-/es6-promise-2.3.0.tgz#96edb9f2fdb01995822b263dd8aadab6748181bc"
  integrity sha1-lu258v2wGZWCKyY92KratnSBgbw=

escape-string-regexp@^1.0.5:
  version "1.0.5"
  resolved "https://registry.yarnpkg.com/escape-string-regexp/-/escape-string-regexp-1.0.5.tgz#1b61c0562190a8dff6ae3bb2cf0200ca130b86d4"
  integrity sha1-G2HAViGQqN/2rjuyzwIAyhMLhtQ=

firefox-client@^0.3.0:
  version "0.3.0"
  resolved "https://registry.yarnpkg.com/firefox-client/-/firefox-client-0.3.0.tgz#3794460f6eb6afcf41376addcbc7462e24a4cd8b"
  integrity sha1-N5RGD262r89BN2rdy8dGLiSkzYs=
  dependencies:
    colors "0.5.x"
    js-select "~0.6.0"

glob@~3.2.6:
  version "3.2.11"
  resolved "https://registry.yarnpkg.com/glob/-/glob-3.2.11.tgz#4a973f635b9190f715d10987d5c00fd2815ebe3d"
  integrity sha1-Spc/Y1uRkPcV0QmH1cAP0oFevj0=
  dependencies:
    inherits "2"
    minimatch "0.3"

global-dirs@^0.1.0:
  version "0.1.1"
  resolved "https://registry.yarnpkg.com/global-dirs/-/global-dirs-0.1.1.tgz#b319c0dd4607f353f3be9cca4c72fc148c49f445"
  integrity sha1-sxnA3UYH81PzvpzKTHL8FIxJ9EU=
  dependencies:
    ini "^1.3.4"

has-flag@^3.0.0:
  version "3.0.0"
  resolved "https://registry.yarnpkg.com/has-flag/-/has-flag-3.0.0.tgz#b5d454dc2199ae225699f3467e5a07f3b955bafd"
  integrity sha1-tdRU3CGZriJWmfNGfloH87lVuv0=

inherits@2, inherits@~2.0.1:
  version "2.0.4"
  resolved "https://registry.yarnpkg.com/inherits/-/inherits-2.0.4.tgz#0fa2c64f932917c3433a0ded55363aae37416b7c"
  integrity sha512-k/vGaX4/Yla3WzyMCvTQOXYeIHvqOKtnqBduzTHpzpQZzAskKMhZ2K+EnBiSM9zGSoIFeMpXKxa4dYeZIQqewQ==

ini@^1.3.4:
  version "1.3.5"
  resolved "https://registry.yarnpkg.com/ini/-/ini-1.3.5.tgz#eee25f56db1c9ec6085e0c22778083f596abf927"
  integrity sha512-RZY5huIKCMRWDUqZlEi72f/lmXKMvuszcMBduliQ3nnWbx9X/ZBQO7DijMEYS9EhHBb2qacRUMtC7svLwe0lcw==

isarray@0.0.1:
  version "0.0.1"
  resolved "https://registry.yarnpkg.com/isarray/-/isarray-0.0.1.tgz#8a18acfca9a8f4177e09abfc6038939b05d1eedf"
  integrity sha1-ihis/Kmo9Bd+Cav8YDiTmwXR7t8=

js-select@~0.6.0:
  version "0.6.0"
  resolved "https://registry.yarnpkg.com/js-select/-/js-select-0.6.0.tgz#c284e22824d5927aec962dcdf247174aefb0d190"
  integrity sha1-woTiKCTVknrsli3N8kcXSu+w0ZA=
  dependencies:
    JSONSelect "0.2.1"
    traverse "0.4.x"

lazystream@~0.1.0:
  version "0.1.0"
  resolved "https://registry.yarnpkg.com/lazystream/-/lazystream-0.1.0.tgz#1b25d63c772a4c20f0a5ed0a9d77f484b6e16920"
  integrity sha1-GyXWPHcqTCDwpe0KnXf0hLbhaSA=
  dependencies:
    readable-stream "~1.0.2"

lodash@~2.4.1:
  version "2.4.2"
  resolved "https://registry.yarnpkg.com/lodash/-/lodash-2.4.2.tgz#fadd834b9683073da179b3eae6d9c0d15053f73e"
  integrity sha1-+t2DS5aDBz2hebPq5tnA0VBT9z4=

lru-cache@2:
  version "2.7.3"
  resolved "https://registry.yarnpkg.com/lru-cache/-/lru-cache-2.7.3.tgz#6d4524e8b955f95d4f5b58851ce21dd72fb4e952"
  integrity sha1-bUUk6LlV+V1PW1iFHOId1y+06VI=

minimatch@0.3:
  version "0.3.0"
  resolved "https://registry.yarnpkg.com/minimatch/-/minimatch-0.3.0.tgz#275d8edaac4f1bb3326472089e7949c8394699dd"
  integrity sha1-J12O2qxPG7MyZHIInnlJyDlGmd0=
  dependencies:
    lru-cache "2"
    sigmund "~1.0.0"

node-firefox-connect@1.2.0:
  version "1.2.0"
  resolved "https://registry.yarnpkg.com/node-firefox-connect/-/node-firefox-connect-1.2.0.tgz#42403848313240c98514ef14b3302816fe3b84e1"
  integrity sha1-QkA4SDEyQMmFFO8UszAoFv47hOE=
  dependencies:
    es6-promise "^2.0.1"
    firefox-client "^0.3.0"

"node-firefox-install-app@git+https://github.com/fabricedesre/node-firefox-install-app.git":
  version "1.2.0"
  resolved "git+https://github.com/fabricedesre/node-firefox-install-app.git#d371bf8405b536104b2ea1a29d0804477dd7dcc7"
  dependencies:
    es6-promise "^2.0.1"
    node-uuid "^1.4.2"
    temporary "0.0.8"
    zip-folder "^1.0.0"

node-uuid@^1.4.2:
  version "1.4.8"
  resolved "https://registry.yarnpkg.com/node-uuid/-/node-uuid-1.4.8.tgz#b040eb0923968afabf8d32fb1f17f1167fdab907"
  integrity sha1-sEDrCSOWivq/jTL7HxfxFn/auQc=

once@^1.4.0:
  version "1.4.0"
  resolved "https://registry.yarnpkg.com/once/-/once-1.4.0.tgz#583b1aa775961d4b113ac17d9c50baef9dd76bd1"
  integrity sha1-WDsap3WWHUsROsF9nFC6753Xa9E=
  dependencies:
    wrappy "1"

"package@>= 1.0.0 < 1.2.0":
  version "1.0.1"
  resolved "https://registry.yarnpkg.com/package/-/package-1.0.1.tgz#d25a1f99e2506dcb27d6704b83dca8a312e4edcc"
  integrity sha1-0lofmeJQbcsn1nBLg9yooxLk7cw=

readable-stream@^1.0.27-1:
  version "1.1.14"
  resolved "https://registry.yarnpkg.com/readable-stream/-/readable-stream-1.1.14.tgz#7cf4c54ef648e3813084c636dd2079e166c081d9"
  integrity sha1-fPTFTvZI44EwhMY23SB54WbAgdk=
  dependencies:
    core-util-is "~1.0.0"
    inherits "~2.0.1"
    isarray "0.0.1"
    string_decoder "~0.10.x"

readable-stream@~1.0.2, readable-stream@~1.0.24, readable-stream@~1.0.26:
  version "1.0.34"
  resolved "https://registry.yarnpkg.com/readable-stream/-/readable-stream-1.0.34.tgz#125820e34bc842d2f2aaafafe4c2916ee32c157c"
  integrity sha1-Elgg40vIQtLyqq+v5MKRbuMsFXw=
  dependencies:
    core-util-is "~1.0.0"
    inherits "~2.0.1"
    isarray "0.0.1"
    string_decoder "~0.10.x"

resolve-global@0.1.0:
  version "0.1.0"
  resolved "https://registry.yarnpkg.com/resolve-global/-/resolve-global-0.1.0.tgz#8fb02cfd5b7db20118e886311f15af95bd15fbd9"
  integrity sha1-j7As/Vt9sgEY6IYxHxWvlb0V+9k=
  dependencies:
    global-dirs "^0.1.0"

sigmund@~1.0.0:
  version "1.0.1"
  resolved "https://registry.yarnpkg.com/sigmund/-/sigmund-1.0.1.tgz#3ff21f198cad2175f9f3b781853fd94d0d19b590"
  integrity sha1-P/IfGYytIXX587eBhT/ZTQ0ZtZA=

string_decoder@~0.10.x:
  version "0.10.31"
  resolved "https://registry.yarnpkg.com/string_decoder/-/string_decoder-0.10.31.tgz#62e203bc41766c6c28c9fc84301dab1c5310fa94"
  integrity sha1-YuIDvEF2bGwoyfyEMB2rHFMQ+pQ=

supports-color@^5.3.0:
  version "5.5.0"
  resolved "https://registry.yarnpkg.com/supports-color/-/supports-color-5.5.0.tgz#e2e69a44ac8772f78a1ec0b35b689df6530efc8f"
  integrity sha512-QjVjwdXIt408MIiAqCX4oUKsgU2EqAGzs2Ppkm4aQYbjm+ZEWEcW4SfFNTr4uMNZma0ey4f5lgLrkB0aX0QMow==
  dependencies:
    has-flag "^3.0.0"

tar-stream@~0.4.0:
  version "0.4.7"
  resolved "https://registry.yarnpkg.com/tar-stream/-/tar-stream-0.4.7.tgz#1f1d2ce9ebc7b42765243ca0e8f1b7bfda0aadcd"
  integrity sha1-Hx0s6evHtCdlJDyg6PG3v9oKrc0=
  dependencies:
    bl "^0.9.0"
    end-of-stream "^1.0.0"
    readable-stream "^1.0.27-1"
    xtend "^4.0.0"

temporary@0.0.8:
  version "0.0.8"
  resolved "https://registry.yarnpkg.com/temporary/-/temporary-0.0.8.tgz#a18a981d28ba8ca36027fb3c30538c3ecb740ac0"
  integrity sha1-oYqYHSi6jKNgJ/s8MFOMPst0CsA=
  dependencies:
    package ">= 1.0.0 < 1.2.0"

traverse@0.4.x:
  version "0.4.6"
  resolved "https://registry.yarnpkg.com/traverse/-/traverse-0.4.6.tgz#d04b2280e4c792a5815429ef7b8b60c64c9ccc34"
  integrity sha1-0EsigOTHkqWBVCnve4tgxkyczDQ=

wrappy@1:
  version "1.0.2"
  resolved "https://registry.yarnpkg.com/wrappy/-/wrappy-1.0.2.tgz#b5243d8f3ec1aa35f1364605bc0d1036e30ab69f"
  integrity sha1-tSQ9jz7BqjXxNkYFvA0QNuMKtp8=

xtend@^4.0.0:
  version "4.0.2"
  resolved "https://registry.yarnpkg.com/xtend/-/xtend-4.0.2.tgz#bb72779f5fa465186b1f438f674fa347fdb5db54"
  integrity sha512-LKYU1iAXJXUgAXn9URjiu+MWhyUXHsvfp7mcuYm9dSUKK0/CjtrUwFAxD82/mCWbtLsGjFIad0wIsod4zrTAEQ==

zip-folder@^1.0.0:
  version "1.0.0"
  resolved "https://registry.yarnpkg.com/zip-folder/-/zip-folder-1.0.0.tgz#70a7744fd1789a2feb41ad3419b32e9fd87957b2"
  integrity sha1-cKd0T9F4mi/rQa00GbMun9h5V7I=
  dependencies:
    archiver "^0.11.0"

zip-stream@~0.4.0:
  version "0.4.1"
  resolved "https://registry.yarnpkg.com/zip-stream/-/zip-stream-0.4.1.tgz#4ea795a8ce19e9fab49a31d1d0877214159f03a3"
  integrity sha1-TqeVqM4Z6fq0mjHR0IdyFBWfA6M=
  dependencies:
    compress-commons "~0.1.0"
    lodash "~2.4.1"
    readable-stream "~1.0.26"
